{
  "name": "isp-core",
  "version": "1.0.0",
  "lockfileVersion": 3,
  "requires": true,
  "packages": {
    "": {
      "name": "isp-core",
      "version": "1.0.0",
      "license": "ISC",
      "dependencies": {
        "@point-of-sale/webbluetooth-receipt-printer": "^2.0.0"
      }
    },
    "node_modules/@point-of-sale/webbluetooth-receipt-printer": {
      "version": "2.0.0",
      "resolved": "https://registry.npmjs.org/@point-of-sale/webbluetooth-receipt-printer/-/webbluetooth-receipt-printer-2.0.0.tgz",
      "integrity": "sha512-xtplxsZWuhKa7DFASYzV8PSiRzwzjbQLqAsWSdjpIVkEo9Xmo652Pcu3aKbRUu4Ih2k9Fz4weyUZljOgbyDYkg=="
    }
  }
}
